// !$*UTF8*$!
{
	archiveVersion = 1;
	classes = {
	};
	objectVersion = 46;
	objects = {

/* Begin PBXBuildFile section */
		FECF5EA01AB82DDC00DBB68D /* main.m in Sources */ = {isa = PBXBuildFile; fileRef = FECF5E9F1AB82DDC00DBB68D /* main.m */; };
		FECF5EA31AB82DDC00DBB68D /* AppDelegate.m in Sources */ = {isa = PBXBuildFile; fileRef = FECF5EA21AB82DDC00DBB68D /* AppDelegate.m */; };
		FECF5EA61AB82DDC00DBB68D /* ViewController.m in Sources */ = {isa = PBXBuildFile; fileRef = FECF5EA51AB82DDC00DBB68D /* ViewController.m */; };
		FECF5EA91AB82DDC00DBB68D /* Main.storyboard in Resources */ = {isa = PBXBuildFile; fileRef = FECF5EA71AB82DDC00DBB68D /* Main.storyboard */; };
		FECF5EAB1AB82DDC00DBB68D /* Images.xcassets in Resources */ = {isa = PBXBuildFile; fileRef = FECF5EAA1AB82DDC00DBB68D /* Images.xcassets */; };
		FECF5EAE1AB82DDC00DBB68D /* LaunchScreen.xib in Resources */ = {isa = PBXBuildFile; fileRef = FECF5EAC1AB82DDC00DBB68D /* LaunchScreen.xib */; };
		FECF5EBA1AB82DDC00DBB68D /* CustomDatePickerTests.m in Sources */ = {isa = PBXBuildFile; fileRef = FECF5EB91AB82DDC00DBB68D /* CustomDatePickerTests.m */; };
/* End PBXBuildFile section */

/* Begin PBXContainerItemProxy section */
		FECF5EB41AB82DDC00DBB68D /* PBXContainerItemProxy */ = {
			isa = PBXContainerItemProxy;
			containerPortal = FECF5E921AB82DDC00DBB68D /* Project object */;
			proxyType = 1;
			remoteGlobalIDString = FECF5E991AB82DDC00DBB68D;
			remoteInfo = CustomDatePicker;
		};
/* End PBXContainerItemProxy section */

/* Begin PBXFileReference section */
		FECF5E9A1AB82DDC00DBB68D /* CustomDatePicker.app */ = {isa = PBXFileReference; explicitFileType = wrapper.application; includeInIndex = 0; path = CustomDatePicker.app; sourceTree = BUILT_PRODUCTS_DIR; };
		FECF5E9E1AB82DDC00DBB68D /* Info.plist */ = {isa = PBXFileReference; lastKnownFileType = text.plist.xml; path = Info.plist; sourceTree = "<group>"; };
		FECF5E9F1AB82DDC00DBB68D /* main.m */ = {isa = PBXFileReference; lastKnownFileType = sourcecode.c.objc; path = main.m; sourceTree = "<group>"; };
		FECF5EA11AB82DDC00DBB68D /* AppDelegate.h */ = {isa = PBXFileReference; lastKnownFileType = sourcecode.c.h; path = AppDelegate.h; sourceTree = "<group>"; };
		FECF5EA21AB82DDC00DBB68D /* AppDelegate.m */ = {isa = PBXFileReference; lastKnownFileType = sourcecode.c.objc; path = AppDelegate.m; sourceTree = "<group>"; };
		FECF5EA41AB82DDC00DBB68D /* ViewController.h */ = {isa = PBXFileReference; lastKnownFileType = sourcecode.c.h; path = ViewController.h; sourceTree = "<group>"; };
		FECF5EA51AB82DDC00DBB68D /* ViewController.m */ = {isa = PBXFileReference; lastKnownFileType = sourcecode.c.objc; path = ViewController.m; sourceTree = "<group>"; };
		FECF5EA81AB82DDC00DBB68D /* Base */ = {isa = PBXFileReference; lastKnownFileType = file.storyboard; name = Base; path = Base.lproj/Main.storyboard; sourceTree = "<group>"; };
		FECF5EAA1AB82DDC00DBB68D /* Images.xcassets */ = {isa = PBXFileReference; lastKnownFileType = folder.assetcatalog; path = Images.xcassets; sourceTree = "<group>"; };
		FECF5EAD1AB82DDC00DBB68D /* Base */ = {isa = PBXFileReference; lastKnownFileType = file.xib; name = Base; path = Base.lproj/LaunchScreen.xib; sourceTree = "<group>"; };
		FECF5EB31AB82DDC00DBB68D /* CustomDatePickerTests.xctest */ = {isa = PBXFileReference; explicitFileType = wrapper.cfbundle; includeInIndex = 0; path = CustomDatePickerTests.xctest; sourceTree = BUILT_PRODUCTS_DIR; };
		FECF5EB81AB82DDC00DBB68D /* Info.plist */ = {isa = PBXFileReference; lastKnownFileType = text.plist.xml; path = Info.plist; sourceTree = "<group>"; };
		FECF5EB91AB82DDC00DBB68D /* CustomDatePickerTests.m */ = {isa = PBXFileReference; lastKnownFileType = sourcecode.c.objc; path = CustomDatePickerTests.m; sourceTree = "<group>"; };
/* End PBXFileReference section */

/* Begin PBXFrameworksBuildPhase section */
		FECF5E971AB82DDC00DBB68D /* Frameworks */ = {
			isa = PBXFrameworksBuildPhase;
			buildActionMask = 2147483647;
			files = (
			);
			runOnlyForDeploymentPostprocessing = 0;
		};
		FECF5EB01AB82DDC00DBB68D /* Frameworks */ = {
			isa = PBXFrameworksBuildPhase;
			buildActionMask = 2147483647;
			files = (
			);
			runOnlyForDeploymentPostprocessing = 0;
		};
/* End PBXFrameworksBuildPhase section */

/* Begin PBXGroup section */
		FECF5E911AB82DDC00DBB68D = {
			isa = PBXGroup;
			children = (
				FECF5E9C1AB82DDC00DBB68D /* CustomDatePicker */,
				FECF5EB61AB82DDC00DBB68D /* CustomDatePickerTests */,
				FECF5E9B1AB82DDC00DBB68D /* Products */,
			);
			sourceTree = "<group>";
		};
		FECF5E9B1AB82DDC00DBB68D /* Products */ = {
			isa = PBXGroup;
			children = (
				FECF5E9A1AB82DDC00DBB68D /* CustomDatePicker.app */,
				FECF5EB31AB82DDC00DBB68D /* CustomDatePickerTests.xctest */,
			);
			name = Products;
			sourceTree = "<group>";
		};
		FECF5E9C1AB82DDC00DBB68D /* CustomDatePicker */ = {
			isa = PBXGroup;
			children = (
				FECF5EA11AB82DDC00DBB68D /* AppDelegate.h */,
				FECF5EA21AB82DDC00DBB68D /* AppDelegate.m */,
				FECF5EA41AB82DDC00DBB68D /* ViewController.h */,
				FECF5EA51AB82DDC00DBB68D /* ViewController.m */,
				FECF5EA71AB82DDC00DBB68D /* Main.storyboard */,
				FECF5EAA1AB82DDC00DBB68D /* Images.xcassets */,
				FECF5EAC1AB82DDC00DBB68D /* LaunchScreen.xib */,
				FECF5E9D1AB82DDC00DBB68D /* Supporting Files */,
			);
			path = CustomDatePicker;
			sourceTree = "<group>";
		};
		FECF5E9D1AB82DDC00DBB68D /* Supporting Files */ = {
			isa = PBXGroup;
			children = (
				FECF5E9E1AB82DDC00DBB68D /* Info.plist */,
				FECF5E9F1AB82DDC00DBB68D /* main.m */,
			);
			name = "Supporting Files";
			sourceTree = "<group>";
		};
		FECF5EB61AB82DDC00DBB68D /* CustomDatePickerTests */ = {
			isa = PBXGroup;
			children = (
				FECF5EB91AB82DDC00DBB68D /* CustomDatePickerTests.m */,
				FECF5EB71AB82DDC00DBB68D /* Supporting Files */,
			);
			path = CustomDatePickerTests;
			sourceTree = "<group>";
		};
		FECF5EB71AB82DDC00DBB68D /* Supporting Files */ = {
			isa = PBXGroup;
			children = (
				FECF5EB81AB82DDC00DBB68D /* Info.plist */,
			);
			name = "Supporting Files";
			sourceTree = "<group>";
		};
/* End PBXGroup section */

/* Begin PBXNativeTarget section */
		FECF5E991AB82DDC00DBB68D /* CustomDatePicker */ = {
			isa = PBXNativeTarget;
			buildConfigurationList = FECF5EBD1AB82DDC00DBB68D /* Build configuration list for PBXNativeTarget "CustomDatePicker" */;
			buildPhases = (
				FECF5E961AB82DDC00DBB68D /* Sources */,
				FECF5E971AB82DDC00DBB68D /* Frameworks */,
				FECF5E981AB82DDC00DBB68D /* Resources */,
			);
			buildRules = (
			);
			dependencies = (
			);
			name = CustomDatePicker;
			productName = CustomDatePicker;
			productReference = FECF5E9A1AB82DDC00DBB68D /* CustomDatePicker.app */;
			productType = "com.apple.product-type.application";
		};
		FECF5EB21AB82DDC00DBB68D /* CustomDatePickerTests */ = {
			isa = PBXNativeTarget;
			buildConfigurationList = FECF5EC01AB82DDC00DBB68D /* Build configuration list for PBXNativeTarget "CustomDatePickerTests" */;
			buildPhases = (
				FECF5EAF1AB82DDC00DBB68D /* Sources */,
				FECF5EB01AB82DDC00DBB68D /* Frameworks */,
				FECF5EB11AB82DDC00DBB68D /* Resources */,
			);
			buildRules = (
			);
			dependencies = (
				FECF5EB51AB82DDC00DBB68D /* PBXTargetDependency */,
			);
			name = CustomDatePickerTests;
			productName = CustomDatePickerTests;
			productReference = FECF5EB31AB82DDC00DBB68D /* CustomDatePickerTests.xctest */;
			productType = "com.apple.product-type.bundle.unit-test";
		};
/* End PBXNativeTarget section */

/* Begin PBXProject section */
		FECF5E921AB82DDC00DBB68D /* Project object */ = {
			isa = PBXProject;
			attributes = {
				LastUpgradeCheck = 0620;
				ORGANIZATIONNAME = skylee;
				TargetAttributes = {
					FECF5E991AB82DDC00DBB68D = {
						CreatedOnToolsVersion = 6.2;
					};
					FECF5EB21AB82DDC00DBB68D = {
						CreatedOnToolsVersion = 6.2;
						TestTargetID = FECF5E991AB82DDC00DBB68D;
					};
				};
			};
			buildConfigurationList = FECF5E951AB82DDC00DBB68D /* Build configuration list for PBXProject "CustomDatePicker" */;
			compatibilityVersion = "Xcode 3.2";
			developmentRegion = English;
			hasScannedForEncodings = 0;
			knownRegions = (
				en,
				Base,
			);
			mainGroup = FECF5E911AB82DDC00DBB68D;
			productRefGroup = FECF5E9B1AB82DDC00DBB68D /* Products */;
			projectDirPath = "";
			projectRoot = "";
			targets = (
				FECF5E991AB82DDC00DBB68D /* CustomDatePicker */,
				FECF5EB21AB82DDC00DBB68D /* CustomDatePickerTests */,
			);
		};
/* End PBXProject section */

/* Begin PBXResourcesBuildPhase section */
		FECF5E981AB82DDC00DBB68D /* Resources */ = {
			isa = PBXResourcesBuildPhase;
			buildActionMask = 2147483647;
			files = (
				FECF5EA91AB82DDC00DBB68D /* Main.storyboard in Resources */,
				FECF5EAE1AB82DDC00DBB68D /* LaunchScreen.xib in Resources */,
				FECF5EAB1AB82DDC00DBB68D /* Images.xcassets in Resources */,
			);
			runOnlyForDeploymentPostprocessing = 0;
		};
		FECF5EB11AB82DDC00DBB68D /* Resources */ = {
			isa = PBXResourcesBuildPhase;
			buildActionMask = 2147483647;
			files = (
			);
			runOnlyForDeploymentPostprocessing = 0;
		};
/* End PBXResourcesBuildPhase section */

/* Begin PBXSourcesBuildPhase section */
		FECF5E961AB82DDC00DBB68D /* Sources */ = {
			isa = PBXSourcesBuildPhase;
			buildActionMask = 2147483647;
			files = (
				FECF5EA61AB82DDC00DBB68D /* ViewController.m in Sources */,
				FECF5EA31AB82DDC00DBB68D /* AppDelegate.m in Sources */,
				FECF5EA01AB82DDC00DBB68D /* main.m in Sources */,
			);
			runOnlyForDeploymentPostprocessing = 0;
		};
		FECF5EAF1AB82DDC00DBB68D /* Sources */ = {
			isa = PBXSourcesBuildPhase;
			buildActionMask = 2147483647;
			files = (
				FECF5EBA1AB82DDC00DBB68D /* CustomDatePickerTests.m in Sources */,
			);
			runOnlyForDeploymentPostprocessing = 0;
		};
/* End PBXSourcesBuildPhase section */

/* Begin PBXTargetDependency section */
		FECF5EB51AB82DDC00DBB68D /* PBXTargetDependency */ = {
			isa = PBXTargetDependency;
			target = FECF5E991AB82DDC00DBB68D /* CustomDatePicker */;
			targetProxy = FECF5EB41AB82DDC00DBB68D /* PBXContainerItemProxy */;
		};
/* End PBXTargetDependency section */

/* Begin PBXVariantGroup section */
		FECF5EA71AB82DDC00DBB68D /* Main.storyboard */ = {
			isa = PBXVariantGroup;
			children = (
				FECF5EA81AB82DDC00DBB68D /* Base */,
			);
			name = Main.storyboard;
			sourceTree = "<group>";
		};
		FECF5EAC1AB82DDC00DBB68D /* LaunchScreen.xib */ = {
			isa = PBXVariantGroup;
			children = (
				FECF5EAD1AB82DDC00DBB68D /* Base */,
			);
			name = LaunchScreen.xib;
			sourceTree = "<group>";
		};
/* End PBXVariantGroup section */

/* Begin XCBuildConfiguration section */
		FECF5EBB1AB82DDC00DBB68D /* Debug */ = {
			isa = XCBuildConfiguration;
			buildSettings = {
				ALWAYS_SEARCH_USER_PATHS = NO;
				CLANG_CXX_LANGUAGE_STANDARD = "gnu++0x";
				CLANG_CXX_LIBRARY = "libc++";
				CLANG_ENABLE_MODULES = YES;
				CLANG_ENABLE_OBJC_ARC = YES;
				CLANG_WARN_BOOL_CONVERSION = YES;
				CLANG_WARN_CONSTANT_CONVERSION = YES;
				CLANG_WARN_DIRECT_OBJC_ISA_USAGE = YES_ERROR;
				CLANG_WARN_EMPTY_BODY = YES;
				CLANG_WARN_ENUM_CONVERSION = YES;
				CLANG_WARN_INT_CONVERSION = YES;
				CLANG_WARN_OBJC_ROOT_CLASS = YES_ERROR;
				CLANG_WARN_UNREACHABLE_CODE = YES;
				CLANG_WARN__DUPLICATE_METHOD_MATCH = YES;
				"CODE_SIGN_IDENTITY[sdk=iphoneos*]" = "iPhone Developer";
				COPY_PHASE_STRIP = NO;
				ENABLE_STRICT_OBJC_MSGSEND = YES;
				GCC_C_LANGUAGE_STANDARD = gnu99;
				GCC_DYNAMIC_NO_PIC = NO;
				GCC_OPTIMIZATION_LEVEL = 0;
				GCC_PREPROCESSOR_DEFINITIONS = (
					"DEBUG=1",
					"$(inherited)",
				);
				GCC_SYMBOLS_PRIVATE_EXTERN = NO;
				GCC_WARN_64_TO_32_BIT_CONVERSION = YES;
				GCC_WARN_ABOUT_RETURN_TYPE = YES_ERROR;
				GCC_WARN_UNDECLARED_SELECTOR = YES;
				GCC_WARN_UNINITIALIZED_AUTOS = YES_AGGRESSIVE;
				GCC_WARN_UNUSED_FUNCTION = YES;
				GCC_WARN_UNUSED_VARIABLE = YES;
				IPHONEOS_DEPLOYMENT_TARGET = 8.2;
				MTL_ENABLE_DEBUG_INFO = YES;
				ONLY_ACTIVE_ARCH = YES;
				SDKROOT = iphoneos;
			};
			name = Debug;
		};
		FECF5EBC1AB82DDC00DBB68D /* Release */ = {
			isa = XCBuildConfiguration;
			buildSettings = {
				ALWAYS_SEARCH_USER_PATHS = NO;
				CLANG_CXX_LANGUAGE_STANDARD = "gnu++0x";
				CLANG_CXX_LIBRARY = "libc++";
				CLANG_ENABLE_MODULES = YES;
				CLANG_ENABLE_OBJC_ARC = YES;
				CLANG_WARN_BOOL_CONVERSION = YES;
				CLANG_WARN_CONSTANT_CONVERSION = YES;
				CLANG_WARN_DIRECT_OBJC_ISA_USAGE = YES_ERROR;
				CLANG_WARN_EMPTY_BODY = YES;
				CLANG_WARN_ENUM_CONVERSION = YES;
				CLANG_WARN_INT_CONVERSION = YES;
				CLANG_WARN_OBJC_ROOT_CLASS = YES_ERROR;
				CLANG_WARN_UNREACHABLE_CODE = YES;
				CLANG_WARN__DUPLICATE_METHOD_MATCH = YES;
				"CODE_SIGN_IDENTITY[sdk=iphoneos*]" = "iPhone Developer";
				COPY_PHASE_STRIP = NO;
				ENABLE_NS_ASSERTIONS = NO;
				ENABLE_STRICT_OBJC_MSGSEND = YES;
				GCC_C_LANGUAGE_STANDARD = gnu99;
				GCC_WARN_64_TO_32_BIT_CONVERSION = YES;
				GCC_WARN_ABOUT_RETURN_TYPE = YES_ERROR;
				GCC_WARN_UNDECLARED_SELECTOR = YES;
				GCC_WARN_UNINITIALIZED_AUTOS = YES_AGGRESSIVE;
				GCC_WARN_UNUSED_FUNCTION = YES;
				GCC_WARN_UNUSED_VARIABLE = YES;
				IPHONEOS_DEPLOYMENT_TARGET = 8.2;
				MTL_ENABLE_DEBUG_INFO = NO;
				SDKROOT = iphoneos;
				VALIDATE_PRODUCT = YES;
			};
			name = Release;
		};
		FECF5EBE1AB82DDC00DBB68D /* Debug */ = {
			isa = XCBuildConfiguration;
			buildSettings = {
				ASSETCATALOG_COMPILER_APPICON_NAME = AppIcon;
				INFOPLIST_FILE = CustomDatePicker/Info.plist;
				LD_RUNPATH_SEARCH_PATHS = "$(inherited) @executable_path/Frameworks";
				PRODUCT_NAME = "$(TARGET_NAME)";
			};
			name = Debug;
		};
		FECF5EBF1AB82DDC00DBB68D /* Release */ = {
			isa = XCBuildConfiguration;
			buildSettings = {
				ASSETCATALOG_COMPILER_APPICON_NAME = AppIcon;
				INFOPLIST_FILE = CustomDatePicker/Info.plist;
				LD_RUNPATH_SEARCH_PATHS = "$(inherited) @executable_path/Frameworks";
				PRODUCT_NAME = "$(TARGET_NAME)";
			};
			name = Release;
		};
		FECF5EC11AB82DDC00DBB68D /* Debug */ = {
			isa = XCBuildConfiguration;
			buildSettings = {
				BUNDLE_LOADER = "$(TEST_HOST)";
				FRAMEWORK_SEARCH_PATHS = (
					"$(SDKROOT)/Developer/Library/Frameworks",
					"$(inherited)",
				);
				GCC_PREPROCESSOR_DEFINITIONS = (
					"DEBUG=1",
					"$(inherited)",
				);
				INFOPLIST_FILE = CustomDatePickerTests/Info.plist;
				LD_RUNPATH_SEARCH_PATHS = "$(inherited) @executable_path/Frameworks @loader_path/Frameworks";
				PRODUCT_NAME = "$(TARGET_NAME)";
				TEST_HOST = "$(BUILT_PRODUCTS_DIR)/CustomDatePicker.app/CustomDatePicker";
			};
			name = Debug;
		};
		FECF5EC21AB82DDC00DBB68D /* Release */ = {
			isa = XCBuildConfiguration;
			buildSettings = {
				BUNDLE_LOADER = "$(TEST_HOST)";
				FRAMEWORK_SEARCH_PATHS = (
					"$(SDKROOT)/Developer/Library/Frameworks",
					"$(inherited)",
				);
				INFOPLIST_FILE = CustomDatePickerTests/Info.plist;
				LD_RUNPATH_SEARCH_PATHS = "$(inherited) @executable_path/Frameworks @loader_path/Frameworks";
				PRODUCT_NAME = "$(TARGET_NAME)";
				TEST_HOST = "$(BUILT_PRODUCTS_DIR)/CustomDatePicker.app/CustomDatePicker";
			};
			name = Release;
		};
/* End XCBuildConfiguration section */

/* Begin XCConfigurationList section */
		FECF5E951AB82DDC00DBB68D /* Build configuration list for PBXProject "CustomDatePicker" */ = {
			isa = XCConfigurationList;
			buildConfigurations = (
				FECF5EBB1AB82DDC00DBB68D /* Debug */,
				FECF5EBC1AB82DDC00DBB68D /* Release */,
			);
			defaultConfigurationIsVisible = 0;
			defaultConfigurationName = Release;
		};
		FECF5EBD1AB82DDC00DBB68D /* Build configuration list for PBXNativeTarget "CustomDatePicker" */ = {
			isa = XCConfigurationList;
			buildConfigurations = (
				FECF5EBE1AB82DDC00DBB68D /* Debug */,
				FECF5EBF1AB82DDC00DBB68D /* Release */,
			);
			defaultConfigurationIsVisible = 0;
		};
		FECF5EC01AB82DDC00DBB68D /* Build configuration list for PBXNativeTarget "CustomDatePickerTests" */ = {
			isa = XCConfigurationList;
			buildConfigurations = (
				FECF5EC11AB82DDC00DBB68D /* Debug */,
				FECF5EC21AB82DDC00DBB68D /* Release */,
			);
			defaultConfigurationIsVisible = 0;
		};
/* End XCConfigurationList section */
	};
	rootObject = FECF5E921AB82DDC00DBB68D /* Project object */;
}
